dependencies:
  espressif/esp_modem:
    component_hash: 475c2185273ddedff2bb0d21a8ab196a9d0ef60595f73d634edf2d8be03a5f54
    dependencies:
    - name: idf
      require: private
      version: '>=4.1'
    source:
      registry_url: https://components.espressif.com/
      type: service
    version: 2.0.2
  espressif/mqtt:
    component_hash: fb18bc3b65aa8c94693a9811ffc322cca8a65d92d5ec84983d3e385080e3969c
    dependencies:
    - name: idf
      require: private
      version: '>=5.3'
    source:
      registry_url: https://components.espressif.com/
      type: service
    version: 1.1.0
  espressif/qrcode:
    component_hash: 31e70991ce22f28d73a4386417fc9c0993f61e1aab1832474fd9e3db8da9dcbd
    dependencies: []
    source:
      registry_url: https://components.espressif.com/
      type: service
    version: 0.2.0
  idf:
    source:
      type: idf
    version: 6.1.0
  u8g2:
    component_hash: 43ff49acccfd6242d386a69d39fc327fc5d83b9781ee6280ddbf96eedd1d8ff7
    dependencies: []
    source:
      git: https://github.com/olikraus/u8g2.git
      path: .
      type: git
    version: 414efcdb7a908667ea461c9e3a3a31da14fc4ea5
direct_dependencies:
- espressif/esp_modem
- espressif/mqtt
- espressif/qrcode
- idf
- u8g2
manifest_hash: ef932a5d466b8f15c986811d37934fcfb3475fcc77b15e5b84b916b6c06460f9
target: esp32
version: 3.0.0
